<Solution>
  <Project Path="CustomerSupportBot.Domain/CustomerSupportBot.Domain.csproj" />
  <Project Path="CustomerSupportBot.Application/CustomerSupportBot.Application.csproj" />
  <Project Path="CustomerSupportBot.Adapters.AI/CustomerSupportBot.Adapters.AI.csproj" />
  <Project Path="CustomerSupportBot.Adapters.Persistence/CustomerSupportBot.Adapters.Persistence.csproj" />
  <Project Path="CustomerSupportBot.Adapters.Redis/CustomerSupportBot.Adapters.Redis.csproj" />
  <Project Path="CustomerSupportBot.Adapters.Telemetry/CustomerSupportBot.Adapters.Telemetry.csproj" />
  <Project Path="CustomerSupportBot.Adapters.Agents/CustomerSupportBot.Adapters.Agents.csproj" />
  <Project Path="CustomerSupportBot.Api.Tests/CustomerSupportBot.Api.Tests.csproj" />
  <Project Path="CustomerSupportBot.Api/CustomerSupportBot.Api.csproj" />
  <Project Path="CustomerSupportBot.Web/CustomerSupportBot.Web.csproj" />
</Solution>
