<Solution>
  <Folder Name="/Core/">
    <Project Path="src/CustomerSupportBot.Domain/CustomerSupportBot.Domain.csproj" />
  </Folder>
  <Folder Name="/Application/">
    <Project Path="src/CustomerSupportBot.Application/CustomerSupportBot.Application.csproj" />
  </Folder>
    <Folder Name="/Adapters/In/">
      <Project Path="src/CustomerSupportBot.Api/CustomerSupportBot.Api.csproj" />
      <Project Path="src/CustomerSupportBot.Web/CustomerSupportBot.Web.csproj" />
    </Folder>
    <Folder Name="/Adapters/Out/">
      <Project Path="src/CustomerSupportBot.Adapters.AI/CustomerSupportBot.Adapters.AI.csproj" />
      <Project Path="src/CustomerSupportBot.Adapters.Agents/CustomerSupportBot.Adapters.Agents.csproj" />
      <Project Path="src/CustomerSupportBot.Adapters.Persistence/CustomerSupportBot.Adapters.Persistence.csproj" />
      <Project Path="src/CustomerSupportBot.Adapters.Redis/CustomerSupportBot.Adapters.Redis.csproj" />
      <Project Path="src/CustomerSupportBot.Adapters.Telemetry/CustomerSupportBot.Adapters.Telemetry.csproj" />
    </Folder>
  <Folder Name="/Samples/">
    <Project Path="samples/CustomerSupportBot.A2AClient.Sample/CustomerSupportBot.A2AClient.Sample.csproj" />
  </Folder>
  <Folder Name="/Tests/">
    <Project Path="tests/CustomerSupportBot.Domain.Tests/CustomerSupportBot.Domain.Tests.csproj" />
    <Project Path="tests/CustomerSupportBot.Application.Tests/CustomerSupportBot.Application.Tests.csproj" />
    <Project Path="tests/CustomerSupportBot.Adapters.Agents.Tests/CustomerSupportBot.Adapters.Agents.Tests.csproj" />
    <Project Path="tests/CustomerSupportBot.Adapters.AI.Tests/CustomerSupportBot.Adapters.AI.Tests.csproj" />
    <Project Path="tests/CustomerSupportBot.Adapters.Persistence.Tests/CustomerSupportBot.Adapters.Persistence.Tests.csproj" />
    <Project Path="tests/CustomerSupportBot.Adapters.Telemetry.Tests/CustomerSupportBot.Adapters.Telemetry.Tests.csproj" />
    <Project Path="tests/CustomerSupportBot.Api.IntegrationTests/CustomerSupportBot.Api.IntegrationTests.csproj" />
    <Project Path="tests/CustomerSupportBot.Tests.Shared/CustomerSupportBot.Tests.Shared.csproj" />
  </Folder>
</Solution>
