<Solution>
  <Folder Name="/Core/">
    <Project Path="src/CustomerSupportBot.Domain/CustomerSupportBot.Domain.csproj" />
  </Folder>
  <Folder Name="/Application/">
    <Project Path="src/CustomerSupportBot.Application/CustomerSupportBot.Application.csproj" />
  </Folder>
    <Folder Name="/Adapters/In/">
      <Project Path="src/CustomerSupportBot.Api/CustomerSupportBot.Api.csproj" />
      <Project Path="src/CustomerSupportBot.Web/CustomerSupportBot.Web.csproj" />
    </Folder>
    <Folder Name="/Adapters/Out/">
      <Project Path="src/CustomerSupportBot.Adapters.AI/CustomerSupportBot.Adapters.AI.csproj" />
      <Project Path="src/CustomerSupportBot.Adapters.Agents/CustomerSupportBot.Adapters.Agents.csproj" />
      <Project Path="src/CustomerSupportBot.Adapters.Persistence/CustomerSupportBot.Adapters.Persistence.csproj" />
      <Project Path="src/CustomerSupportBot.Adapters.Redis/CustomerSupportBot.Adapters.Redis.csproj" />
      <Project Path="src/CustomerSupportBot.Adapters.Telemetry/CustomerSupportBot.Adapters.Telemetry.csproj" />
    </Folder>
  <Folder Name="/Tests/">
    <Project Path="tests/CustomerSupportBot.Api.Tests/CustomerSupportBot.Api.Tests.csproj" />
  </Folder>
</Solution>
